
Microsoft Visual Studio Solution File, Format Version 12.00
# Visual Studio Version 17
VisualStudioVersion = 17.8.34316.72
MinimumVisualStudioVersion = 10.0.40219.1
Project("{FAE04EC0-301F-11D3-BF4B-00C04F79EFBC}") = "PostgresRangeTypes", "PostgresRangeTypes\PostgresRangeTypes.csproj", "{68D01974-64B1-4990-BED5-968846AA618F}"
EndProject
Global
	GlobalSection(SolutionConfigurationPlatforms) = preSolution
		Debug|Any CPU = Debug|Any CPU
		Release|Any CPU = Release|Any CPU
	EndGlobalSection
	GlobalSection(ProjectConfigurationPlatforms) = postSolution
		{68D01974-64B1-4990-BED5-968846AA618F}.Debug|Any CPU.ActiveCfg = Debug|Any CPU
		{68D01974-64B1-4990-BED5-968846AA618F}.Debug|Any CPU.Build.0 = Debug|Any CPU
		{68D01974-64B1-4990-BED5-968846AA618F}.Release|Any CPU.ActiveCfg = Release|Any CPU
		{68D01974-64B1-4990-BED5-968846AA618F}.Release|Any CPU.Build.0 = Release|Any CPU
	EndGlobalSection
	GlobalSection(SolutionProperties) = preSolution
		HideSolutionNode = FALSE
	EndGlobalSection
	GlobalSection(ExtensibilityGlobals) = postSolution
		SolutionGuid = {39C6A9C7-7DBF-4B77-A031-CAA8B6893354}
	EndGlobalSection
EndGlobal
